
Microsoft Visual Studio Solution File, Format Version 12.00
# Visual Studio Version 17
VisualStudioVersion = 17.6.33801.468
MinimumVisualStudioVersion = 10.0.40219.1
Project("{FAE04EC0-301F-11D3-BF4B-00C04F79EFBC}") = "consolebank", "consolebank.csproj", "{FCAA1D0F-97EC-4C0F-9215-159B02ABCF42}"
EndProject
Global
	GlobalSection(SolutionConfigurationPlatforms) = preSolution
		Debug|Any CPU = Debug|Any CPU
		Release|Any CPU = Release|Any CPU
	EndGlobalSection
	GlobalSection(ProjectConfigurationPlatforms) = postSolution
		{FCAA1D0F-97EC-4C0F-9215-159B02ABCF42}.Debug|Any CPU.ActiveCfg = Debug|Any CPU
		{FCAA1D0F-97EC-4C0F-9215-159B02ABCF42}.Debug|Any CPU.Build.0 = Debug|Any CPU
		{FCAA1D0F-97EC-4C0F-9215-159B02ABCF42}.Release|Any CPU.ActiveCfg = Release|Any CPU
		{FCAA1D0F-97EC-4C0F-9215-159B02ABCF42}.Release|Any CPU.Build.0 = Release|Any CPU
	EndGlobalSection
	GlobalSection(SolutionProperties) = preSolution
		HideSolutionNode = FALSE
	EndGlobalSection
	GlobalSection(ExtensibilityGlobals) = postSolution
		SolutionGuid = {67B0A367-34C4-49C9-8CEB-1D463D46A184}
	EndGlobalSection
EndGlobal
